version: 6
environments:
  default:
    channels:
    - url: https://conda.anaconda.org/conda-forge/
    indexes:
    - https://pypi.org/simple
    packages:
      win-64:
      - conda: https://conda.anaconda.org/conda-forge/win-64/bzip2-1.0.8-h0ad9c76_8.conda
      - conda: https://conda.anaconda.org/conda-forge/noarch/ca-certificates-2025.8.3-h4c7d964_0.conda
      - conda: https://conda.anaconda.org/conda-forge/win-64/cudatoolkit-11.2.2-h7d7167e_13.conda
      - conda: https://conda.anaconda.org/conda-forge/win-64/cudnn-8.1.0.77-h3e0f4f4_0.tar.bz2
      - conda: https://conda.anaconda.org/conda-forge/win-64/libblas-3.9.0-35_h5709861_mkl.conda
      - conda: https://conda.anaconda.org/conda-forge/win-64/libcblas-3.9.0-35_h2a3cdd5_mkl.conda
      - conda: https://conda.anaconda.org/conda-forge/win-64/libffi-3.4.6-h537db12_1.conda
      - conda: https://conda.anaconda.org/conda-forge/win-64/libhwloc-2.12.1-default_h88281d1_1000.conda
      - conda: https://conda.anaconda.org/conda-forge/win-64/libiconv-1.18-hc1393d2_2.conda
      - conda: https://conda.anaconda.org/conda-forge/win-64/liblapack-3.9.0-35_hf9ab0e9_mkl.conda
      - conda: https://conda.anaconda.org/conda-forge/win-64/libsqlite-3.50.4-hf5d6505_0.conda
      - conda: https://conda.anaconda.org/conda-forge/win-64/libwinpthread-12.0.0.r4.gg4f2fc60ca-h57928b3_9.conda
      - conda: https://conda.anaconda.org/conda-forge/win-64/libxml2-2.13.8-h741aa76_1.conda
      - conda: https://conda.anaconda.org/conda-forge/win-64/libzlib-1.3.1-h2466b09_2.conda
      - conda: https://conda.anaconda.org/conda-forge/win-64/llvm-openmp-20.1.8-hfa2b4ca_2.conda
      - conda: https://conda.anaconda.org/conda-forge/win-64/mkl-2024.2.2-h57928b3_16.conda
      - conda: https://conda.anaconda.org/conda-forge/win-64/numpy-1.26.4-py310hf667824_0.conda
      - conda: https://conda.anaconda.org/conda-forge/win-64/openssl-3.5.2-h725018a_0.conda
      - conda: https://conda.anaconda.org/conda-forge/win-64/python-3.10.0-hcf16a7b_3_cpython.tar.bz2
      - conda: https://conda.anaconda.org/conda-forge/noarch/python_abi-3.10-8_cp310.conda
      - conda: https://conda.anaconda.org/conda-forge/win-64/sqlite-3.50.4-hdb435a2_0.conda
      - conda: https://conda.anaconda.org/conda-forge/win-64/tbb-2021.13.0-h18a62a1_3.conda
      - conda: https://conda.anaconda.org/conda-forge/win-64/tk-8.6.13-h2c6b04d_2.conda
      - conda: https://conda.anaconda.org/conda-forge/noarch/tzdata-2025b-h78e105d_0.conda
      - conda: https://conda.anaconda.org/conda-forge/win-64/ucrt-10.0.26100.0-h57928b3_0.conda
      - conda: https://conda.anaconda.org/conda-forge/win-64/vc-14.3-h41ae7f8_31.conda
      - conda: https://conda.anaconda.org/conda-forge/win-64/vc14_runtime-14.44.35208-h818238b_31.conda
      - conda: https://conda.anaconda.org/conda-forge/win-64/vcomp14-14.44.35208-h818238b_31.conda
      - conda: https://conda.anaconda.org/conda-forge/win-64/vs2015_runtime-14.44.35208-h38c0c73_31.conda
      - conda: https://conda.anaconda.org/conda-forge/win-64/xz-5.2.6-h8d14728_0.tar.bz2
      - pypi: https://files.pythonhosted.org/packages/8f/aa/ba0014cc4659328dc818a28827be78e6d97312ab0cb98105a770924dc11e/absl_py-2.3.1-py3-none-any.whl
      - pypi: https://files.pythonhosted.org/packages/2b/03/13dde6512ad7b4557eb792fbcf0c653af6076b81e5941d36ec61f7ce6028/astunparse-1.6.3-py2.py3-none-any.whl
      - pypi: https://files.pythonhosted.org/packages/72/76/20fa66124dbe6be5cafeb312ece67de6b61dd91a0247d1ea13db4ebb33c2/cachetools-5.5.2-py3-none-any.whl
      - pypi: https://files.pythonhosted.org/packages/e5/48/1549795ba7742c948d2ad169c1c8cdbae65bc450d6cd753d124b17c8cd32/certifi-2025.8.3-py3-none-any.whl
      - pypi: https://files.pythonhosted.org/packages/e2/c6/f05db471f81af1fa01839d44ae2a8bfeec8d2a8b4590f16c4e7393afd323/charset_normalizer-3.4.3-cp310-cp310-win_amd64.whl
      - pypi: https://files.pythonhosted.org/packages/b8/25/155f9f080d5e4bc0082edfda032ea2bc2b8fab3f4d25d46c1e9dd22a1a89/flatbuffers-25.2.10-py2.py3-none-any.whl
      - pypi: https://files.pythonhosted.org/packages/b6/48/583c032b79ae5b3daa02225a675aeb673e58d2cb698e78510feceb11958c/gast-0.4.0-py3-none-any.whl
      - pypi: https://files.pythonhosted.org/packages/17/63/b19553b658a1692443c62bd07e5868adaa0ad746a0751ba62c59568cd45b/google_auth-2.40.3-py2.py3-none-any.whl
      - pypi: https://files.pythonhosted.org/packages/b1/0e/0636cc1448a7abc444fb1b3a63655e294e0d2d49092dc3de05241be6d43c/google_auth_oauthlib-0.4.6-py2.py3-none-any.whl
      - pypi: https://files.pythonhosted.org/packages/a3/de/c648ef6835192e6e2cc03f40b19eeda4382c49b5bafb43d88b931c4c74ac/google_pasta-0.2.0-py3-none-any.whl
      - pypi: https://files.pythonhosted.org/packages/93/20/e02b9dcca3ee91124060b65bbf5b8e1af80b3b76a30f694b44b964ab4d71/grpcio-1.74.0-cp310-cp310-win_amd64.whl
      - pypi: https://files.pythonhosted.org/packages/5c/06/f9506c1531645829d302c420851b78bb717af808dde11212c113585fae42/h5py-3.14.0-cp310-cp310-win_amd64.whl
      - pypi: https://files.pythonhosted.org/packages/76/c6/c88e154df9c4e1a2a66ccf0005a88dfb2650c1dffb6f5ce603dfbd452ce3/idna-3.10-py3-none-any.whl
      - pypi: https://files.pythonhosted.org/packages/f9/4d/dc255a437c9616b155e5bd55e325e092b7cdcb4652361d733ae051d40853/keras-2.10.0-py2.py3-none-any.whl
      - pypi: https://files.pythonhosted.org/packages/79/4c/7c3275a01e12ef9368a892926ab932b33bb13d55794881e3573482b378a7/Keras_Preprocessing-1.1.2-py2.py3-none-any.whl
      - pypi: https://files.pythonhosted.org/packages/0b/2d/3f480b1e1d31eb3d6de5e3ef641954e5c67430d5ac93b7fa7e07589576c7/libclang-18.1.1-py2.py3-none-win_amd64.whl
      - pypi: https://files.pythonhosted.org/packages/70/ae/44c4a6a4cbb496d93c6257954260fe3a6e91b7bed2240e5dad2a717f5111/markdown-3.9-py3-none-any.whl
      - pypi: https://files.pythonhosted.org/packages/44/06/e7175d06dd6e9172d4a69a72592cb3f7a996a9c396eee29082826449bbc3/MarkupSafe-3.0.2-cp310-cp310-win_amd64.whl
      - pypi: https://files.pythonhosted.org/packages/be/9c/92789c596b8df838baa98fa71844d84283302f7604ed565dafe5a6b5041a/oauthlib-3.3.1-py3-none-any.whl
      - pypi: https://files.pythonhosted.org/packages/23/cd/066e86230ae37ed0be70aae89aabf03ca8d9f39c8aea0dec8029455b5540/opt_einsum-3.4.0-py3-none-any.whl
      - pypi: https://files.pythonhosted.org/packages/20/12/38679034af332785aac8774540895e234f4d07f7545804097de4b666afd8/packaging-25.0-py3-none-any.whl
      - pypi: https://files.pythonhosted.org/packages/97/f9/a14bac5331f3e55bcbbed906a0c8b112f554152ddf09efeb6f5f95653ffd/protobuf-3.19.6-cp310-cp310-win_amd64.whl
      - pypi: https://files.pythonhosted.org/packages/c8/f1/d6a797abb14f6283c0ddff96bbdd46937f64122b8c925cab503dd37f8214/pyasn1-0.6.1-py3-none-any.whl
      - pypi: https://files.pythonhosted.org/packages/47/8d/d529b5d697919ba8c11ad626e835d4039be708a35b0d22de83a269a6682c/pyasn1_modules-0.4.2-py3-none-any.whl
      - pypi: https://files.pythonhosted.org/packages/1e/db/4254e3eabe8020b458f1a747140d32277ec7a271daf1d235b70dc0b4e6e3/requests-2.32.5-py3-none-any.whl
      - pypi: https://files.pythonhosted.org/packages/3b/5d/63d4ae3b9daea098d5d6f5da83984853c1bbacd5dc826764b249fe119d24/requests_oauthlib-2.0.0-py2.py3-none-any.whl
      - pypi: https://files.pythonhosted.org/packages/64/8d/0133e4eb4beed9e425d9a98ed6e081a55d195481b7632472be1af08d2f6b/rsa-4.9.1-py3-none-any.whl
      - pypi: https://files.pythonhosted.org/packages/a3/dc/17031897dae0efacfea57dfd3a82fdd2a2aeb58e0ff71b77b87e44edc772/setuptools-80.9.0-py3-none-any.whl
      - pypi: https://files.pythonhosted.org/packages/b7/ce/149a00dd41f10bc29e5921b496af8b574d8413afcd5e30dfa0ed46c2cc5e/six-1.17.0-py2.py3-none-any.whl
      - pypi: https://files.pythonhosted.org/packages/80/49/a5ec29886ef823718c8ae54ed0b3ad7e19066b5bf21cec5038427e6a04c4/tensorboard-2.10.1-py3-none-any.whl
      - pypi: https://files.pythonhosted.org/packages/74/69/5747a957f95e2e1d252ca41476ae40ce79d70d38151d2e494feb7722860c/tensorboard_data_server-0.6.1-py3-none-any.whl
      - pypi: https://files.pythonhosted.org/packages/e0/68/e8ecfac5dd594b676c23a7f07ea34c197d7d69b3313afdf8ac1b0a9905a2/tensorboard_plugin_wit-1.8.1-py3-none-any.whl
      - pypi: https://files.pythonhosted.org/packages/ad/87/f484e0b86687c97d2dfb081e03e948b796561fc8608b409a9366e3b4a663/tensorflow-2.10.1-cp310-cp310-win_amd64.whl
      - pypi: https://files.pythonhosted.org/packages/b6/05/9d7f3a6c783669cba36a6eb4555d0c73a516eee935dde6176dfb8512f94e/tensorflow_estimator-2.10.0-py2.py3-none-any.whl
      - pypi: https://files.pythonhosted.org/packages/78/51/437068ed6b44162d54addb8ac0ddfe9e406d07ac6f9c8a6cf96869ec2262/tensorflow_io_gcs_filesystem-0.31.0-cp310-cp310-win_amd64.whl
      - pypi: https://files.pythonhosted.org/packages/4f/bd/de8d508070629b6d84a30d01d57e4a65c69aa7f5abe7560b8fad3b50ea59/termcolor-3.1.0-py3-none-any.whl
      - pypi: https://files.pythonhosted.org/packages/18/67/36e9267722cc04a6b9f15c7f3441c2363321a3ea07da7ae0c0707beb2a9c/typing_extensions-4.15.0-py3-none-any.whl
      - pypi: https://files.pythonhosted.org/packages/a7/c2/fe1e52489ae3122415c51f387e221dd0773709bad6c6cdaa599e8a2c5185/urllib3-2.5.0-py3-none-any.whl
      - pypi: https://files.pythonhosted.org/packages/52/24/ab44c871b0f07f491e5d2ad12c9bd7358e527510618cb1b803a88e986db1/werkzeug-3.1.3-py3-none-any.whl
      - pypi: https://files.pythonhosted.org/packages/0b/2c/87f3254fd8ffd29e4c02732eee68a83a1d3c346ae39bc6822dcbcb697f2b/wheel-0.45.1-py3-none-any.whl
      - pypi: https://files.pythonhosted.org/packages/2f/90/ee61d36862340ad7e9d15a02529df6b948676b9a5829fd5e16640156627d/wrapt-1.17.3-cp310-cp310-win_amd64.whl
packages:
- pypi: https://files.pythonhosted.org/packages/8f/aa/ba0014cc4659328dc818a28827be78e6d97312ab0cb98105a770924dc11e/absl_py-2.3.1-py3-none-any.whl
  name: absl-py
  version: 2.3.1
  sha256: eeecf07f0c2a93ace0772c92e596ace6d3d3996c042b2128459aaae2a76de11d
  requires_python: '>=3.8'
- pypi: https://files.pythonhosted.org/packages/2b/03/13dde6512ad7b4557eb792fbcf0c653af6076b81e5941d36ec61f7ce6028/astunparse-1.6.3-py2.py3-none-any.whl
  name: astunparse
  version: 1.6.3
  sha256: c2652417f2c8b5bb325c885ae329bdf3f86424075c4fd1a128674bc6fba4b8e8
  requires_dist:
  - wheel>=0.23.0,<1.0
  - six>=1.6.1,<2.0
- conda: https://conda.anaconda.org/conda-forge/win-64/bzip2-1.0.8-h0ad9c76_8.conda
  sha256: d882712855624641f48aa9dc3f5feea2ed6b4e6004585d3616386a18186fe692
  md5: 1077e9333c41ff0be8edd1a5ec0ddace
  depends:
  - ucrt >=10.0.20348.0
  - vc >=14.3,<15
  - vc14_runtime >=14.44.35208
  license: bzip2-1.0.6
  license_family: BSD
  purls: []
  size: 55977
  timestamp: 1757437738856
- conda: https://conda.anaconda.org/conda-forge/noarch/ca-certificates-2025.8.3-h4c7d964_0.conda
  sha256: 3b82f62baad3fd33827b01b0426e8203a2786c8f452f633740868296bcbe8485
  md5: c9e0c0f82f6e63323827db462b40ede8
  depends:
  - __win
  license: ISC
  purls: []
  size: 154489
  timestamp: 1754210967212
- pypi: https://files.pythonhosted.org/packages/72/76/20fa66124dbe6be5cafeb312ece67de6b61dd91a0247d1ea13db4ebb33c2/cachetools-5.5.2-py3-none-any.whl
  name: cachetools
  version: 5.5.2
  sha256: d26a22bcc62eb95c3beabd9f1ee5e820d3d2704fe2967cbe350e20c8ffcd3f0a
  requires_python: '>=3.7'
- pypi: https://files.pythonhosted.org/packages/e5/48/1549795ba7742c948d2ad169c1c8cdbae65bc450d6cd753d124b17c8cd32/certifi-2025.8.3-py3-none-any.whl
  name: certifi
  version: 2025.8.3
  sha256: f6c12493cfb1b06ba2ff328595af9350c65d6644968e5d3a2ffd78699af217a5
  requires_python: '>=3.7'
- pypi: https://files.pythonhosted.org/packages/e2/c6/f05db471f81af1fa01839d44ae2a8bfeec8d2a8b4590f16c4e7393afd323/charset_normalizer-3.4.3-cp310-cp310-win_amd64.whl
  name: charset-normalizer
  version: 3.4.3
  sha256: c6e490913a46fa054e03699c70019ab869e990270597018cef1d8562132c2669
  requires_python: '>=3.7'
- conda: https://conda.anaconda.org/conda-forge/win-64/cudatoolkit-11.2.2-h7d7167e_13.conda
  sha256: 7ceae536f2fc2e9f17bf530c1a53f43cb2c3fd7adeb7d33c8297bc5d485c9df4
  md5: 649fb1f601f4e52e33a1327ba4d565b0
  depends:
  - ucrt >=10.0.20348.0
  - vc >=14.2,<15
  - vc14_runtime >=14.29.30139
  constrains:
  - __cuda >=11
  license: LicenseRef-NVIDIA-End-User-License-Agreement
  purls: []
  size: 665307354
  timestamp: 1706883550425
- conda: https://conda.anaconda.org/conda-forge/win-64/cudnn-8.1.0.77-h3e0f4f4_0.tar.bz2
  sha256: 48af9f86b13818bffbf951651c37ebdc6604584abce0d8c1802944f39a5415e0
  md5: 65d59c1d0a4e2915ab8ed30a1bc0c50b
  depends:
  - cudatoolkit 11.*
  - vc >=14.1,<15.0a0
  - vs2015_runtime >=14.16.27012
  license: cuDNN Software License Agreement
  purls: []
  size: 640498763
  timestamp: 1614211275136
- pypi: https://files.pythonhosted.org/packages/b8/25/155f9f080d5e4bc0082edfda032ea2bc2b8fab3f4d25d46c1e9dd22a1a89/flatbuffers-25.2.10-py2.py3-none-any.whl
  name: flatbuffers
  version: 25.2.10
  sha256: ebba5f4d5ea615af3f7fd70fc310636fbb2bbd1f566ac0a23d98dd412de50051
- pypi: https://files.pythonhosted.org/packages/b6/48/583c032b79ae5b3daa02225a675aeb673e58d2cb698e78510feceb11958c/gast-0.4.0-py3-none-any.whl
  name: gast
  version: 0.4.0
  sha256: b7adcdd5adbebf1adf17378da5ba3f543684dbec47b1cda1f3997e573cd542c4
  requires_python: '>=2.7,!=3.0.*,!=3.1.*,!=3.2.*,!=3.3.*'
- pypi: https://files.pythonhosted.org/packages/17/63/b19553b658a1692443c62bd07e5868adaa0ad746a0751ba62c59568cd45b/google_auth-2.40.3-py2.py3-none-any.whl
  name: google-auth
  version: 2.40.3
  sha256: 1370d4593e86213563547f97a92752fc658456fe4514c809544f330fed45a7ca
  requires_dist:
  - cachetools>=2.0.0,<6.0
  - pyasn1-modules>=0.2.1
  - rsa>=3.1.4,<5
  - aiohttp>=3.6.2,<4.0.0 ; extra == 'aiohttp'
  - requests>=2.20.0,<3.0.0 ; extra == 'aiohttp'
  - cryptography ; extra == 'enterprise-cert'
  - pyopenssl ; extra == 'enterprise-cert'
  - pyjwt>=2.0 ; extra == 'pyjwt'
  - cryptography>=38.0.3 ; extra == 'pyjwt'
  - cryptography<39.0.0 ; python_full_version < '3.8' and extra == 'pyjwt'
  - pyopenssl>=20.0.0 ; extra == 'pyopenssl'
  - cryptography>=38.0.3 ; extra == 'pyopenssl'
  - cryptography<39.0.0 ; python_full_version < '3.8' and extra == 'pyopenssl'
  - pyu2f>=0.1.5 ; extra == 'reauth'
  - requests>=2.20.0,<3.0.0 ; extra == 'requests'
  - grpcio ; extra == 'testing'
  - flask ; extra == 'testing'
  - freezegun ; extra == 'testing'
  - mock ; extra == 'testing'
  - oauth2client ; extra == 'testing'
  - pyjwt>=2.0 ; extra == 'testing'
  - cryptography>=38.0.3 ; extra == 'testing'
  - pytest ; extra == 'testing'
  - pytest-cov ; extra == 'testing'
  - pytest-localserver ; extra == 'testing'
  - pyopenssl>=20.0.0 ; extra == 'testing'
  - pyu2f>=0.1.5 ; extra == 'testing'
  - responses ; extra == 'testing'
  - urllib3 ; extra == 'testing'
  - packaging ; extra == 'testing'
  - aiohttp>=3.6.2,<4.0.0 ; extra == 'testing'
  - requests>=2.20.0,<3.0.0 ; extra == 'testing'
  - aioresponses ; extra == 'testing'
  - pytest-asyncio ; extra == 'testing'
  - pyopenssl<24.3.0 ; extra == 'testing'
  - aiohttp<3.10.0 ; extra == 'testing'
  - cryptography<39.0.0 ; python_full_version < '3.8' and extra == 'testing'
  - urllib3 ; extra == 'urllib3'
  - packaging ; extra == 'urllib3'
  requires_python: '>=3.7'
- pypi: https://files.pythonhosted.org/packages/b1/0e/0636cc1448a7abc444fb1b3a63655e294e0d2d49092dc3de05241be6d43c/google_auth_oauthlib-0.4.6-py2.py3-none-any.whl
  name: google-auth-oauthlib
  version: 0.4.6
  sha256: 3f2a6e802eebbb6fb736a370fbf3b055edcb6b52878bf2f26330b5e041316c73
  requires_dist:
  - google-auth>=1.0.0
  - requests-oauthlib>=0.7.0
  - click>=6.0.0 ; extra == 'tool'
  requires_python: '>=3.6'
- pypi: https://files.pythonhosted.org/packages/a3/de/c648ef6835192e6e2cc03f40b19eeda4382c49b5bafb43d88b931c4c74ac/google_pasta-0.2.0-py3-none-any.whl
  name: google-pasta
  version: 0.2.0
  sha256: b32482794a366b5366a32c92a9a9201b107821889935a02b3e51f6b432ea84ed
  requires_dist:
  - six
- pypi: https://files.pythonhosted.org/packages/93/20/e02b9dcca3ee91124060b65bbf5b8e1af80b3b76a30f694b44b964ab4d71/grpcio-1.74.0-cp310-cp310-win_amd64.whl
  name: grpcio
  version: 1.74.0
  sha256: 9e912d3c993a29df6c627459af58975b2e5c897d93287939b9d5065f000249b5
  requires_dist:
  - grpcio-tools>=1.74.0 ; extra == 'protobuf'
  requires_python: '>=3.9'
- pypi: https://files.pythonhosted.org/packages/5c/06/f9506c1531645829d302c420851b78bb717af808dde11212c113585fae42/h5py-3.14.0-cp310-cp310-win_amd64.whl
  name: h5py
  version: 3.14.0
  sha256: 852b81f71df4bb9e27d407b43071d1da330d6a7094a588efa50ef02553fa7ce4
  requires_dist:
  - numpy>=1.19.3
  requires_python: '>=3.9'
- pypi: https://files.pythonhosted.org/packages/76/c6/c88e154df9c4e1a2a66ccf0005a88dfb2650c1dffb6f5ce603dfbd452ce3/idna-3.10-py3-none-any.whl
  name: idna
  version: '3.10'
  sha256: 946d195a0d259cbba61165e88e65941f16e9b36ea6ddb97f00452bae8b1287d3
  requires_dist:
  - ruff>=0.6.2 ; extra == 'all'
  - mypy>=1.11.2 ; extra == 'all'
  - pytest>=8.3.2 ; extra == 'all'
  - flake8>=7.1.1 ; extra == 'all'
  requires_python: '>=3.6'
- pypi: https://files.pythonhosted.org/packages/f9/4d/dc255a437c9616b155e5bd55e325e092b7cdcb4652361d733ae051d40853/keras-2.10.0-py2.py3-none-any.whl
  name: keras
  version: 2.10.0
  sha256: 26a6e2c2522e7468ddea22710a99b3290493768fc08a39e75d1173a0e3452fdf
- pypi: https://files.pythonhosted.org/packages/79/4c/7c3275a01e12ef9368a892926ab932b33bb13d55794881e3573482b378a7/Keras_Preprocessing-1.1.2-py2.py3-none-any.whl
  name: keras-preprocessing
  version: 1.1.2
  sha256: 7b82029b130ff61cc99b55f3bd27427df4838576838c5b2f65940e4fcec99a7b
  requires_dist:
  - numpy>=1.9.1
  - six>=1.9.0
  - scipy>=0.14 ; extra == 'image'
  - pillow>=5.2.0 ; extra == 'image'
  - flake8 ; extra == 'pep8'
  - pandas ; extra == 'tests'
  - pillow ; extra == 'tests'
  - tensorflow ; extra == 'tests'
  - keras ; extra == 'tests'
  - pytest ; extra == 'tests'
  - pytest-xdist ; extra == 'tests'
  - pytest-cov ; extra == 'tests'
- conda: https://conda.anaconda.org/conda-forge/win-64/libblas-3.9.0-35_h5709861_mkl.conda
  build_number: 35
  sha256: 4180e7ab27ed03ddf01d7e599002fcba1b32dcb68214ee25da823bac371ed362
  md5: 45d98af023f8b4a7640b1f713ce6b602
  depends:
  - mkl >=2024.2.2,<2025.0a0
  constrains:
  - blas 2.135   mkl
  - liblapack  3.9.0   35*_mkl
  - libcblas   3.9.0   35*_mkl
  - liblapacke 3.9.0   35*_mkl
  license: BSD-3-Clause
  license_family: BSD
  purls: []
  size: 66044
  timestamp: 1757003486248
- conda: https://conda.anaconda.org/conda-forge/win-64/libcblas-3.9.0-35_h2a3cdd5_mkl.conda
  build_number: 35
  sha256: 88939f6c1b5da75bd26ce663aa437e1224b26ee0dab5e60cecc77600975f397e
  md5: 9639091d266e92438582d0cc4cfc8350
  depends:
  - libblas 3.9.0 35_h5709861_mkl
  constrains:
  - blas 2.135   mkl
  - liblapack  3.9.0   35*_mkl
  - liblapacke 3.9.0   35*_mkl
  license: BSD-3-Clause
  license_family: BSD
  purls: []
  size: 66398
  timestamp: 1757003514529
- pypi: https://files.pythonhosted.org/packages/0b/2d/3f480b1e1d31eb3d6de5e3ef641954e5c67430d5ac93b7fa7e07589576c7/libclang-18.1.1-py2.py3-none-win_amd64.whl
  name: libclang
  version: 18.1.1
  sha256: 4dd2d3b82fab35e2bf9ca717d7b63ac990a3519c7e312f19fa8e86dcc712f7fb
- conda: https://conda.anaconda.org/conda-forge/win-64/libffi-3.4.6-h537db12_1.conda
  sha256: d3b0b8812eab553d3464bbd68204f007f1ebadf96ce30eb0cbc5159f72e353f5
  md5: 85d8fa5e55ed8f93f874b3b23ed54ec6
  depends:
  - ucrt >=10.0.20348.0
  - vc >=14.2,<15
  - vc14_runtime >=14.29.30139
  license: MIT
  license_family: MIT
  purls: []
  size: 44978
  timestamp: 1743435053850
- conda: https://conda.anaconda.org/conda-forge/win-64/libhwloc-2.12.1-default_h88281d1_1000.conda
  sha256: 2fb437b82912c74b4869b66c601d52c77bb3ee8cb4812eab346d379f1c823225
  md5: e6298294e7612eccf57376a0683ddc80
  depends:
  - libwinpthread >=12.0.0.r4.gg4f2fc60ca
  - libxml2 >=2.13.8,<2.14.0a0
  - ucrt >=10.0.20348.0
  - vc >=14.3,<15
  - vc14_runtime >=14.44.35208
  license: BSD-3-Clause
  license_family: BSD
  purls: []
  size: 2412139
  timestamp: 1752762145331
- conda: https://conda.anaconda.org/conda-forge/win-64/libiconv-1.18-hc1393d2_2.conda
  sha256: 0dcdb1a5f01863ac4e8ba006a8b0dc1a02d2221ec3319b5915a1863254d7efa7
  md5: 64571d1dd6cdcfa25d0664a5950fdaa2
  depends:
  - ucrt >=10.0.20348.0
  - vc >=14.3,<15
  - vc14_runtime >=14.44.35208
  license: LGPL-2.1-only
  purls: []
  size: 696926
  timestamp: 1754909290005
- conda: https://conda.anaconda.org/conda-forge/win-64/liblapack-3.9.0-35_hf9ab0e9_mkl.conda
  build_number: 35
  sha256: 56e0992fb58eed8f0d5fa165b8621fa150b84aa9af1467ea0a7a9bb7e2fced4f
  md5: 0c6ed9d722cecda18f50f17fb3c30002
  depends:
  - libblas 3.9.0 35_h5709861_mkl
  constrains:
  - blas 2.135   mkl
  - libcblas   3.9.0   35*_mkl
  - liblapacke 3.9.0   35*_mkl
  license: BSD-3-Clause
  license_family: BSD
  purls: []
  size: 78485
  timestamp: 1757003541803
- conda: https://conda.anaconda.org/conda-forge/win-64/libsqlite-3.50.4-hf5d6505_0.conda
  sha256: 5dc4f07b2d6270ac0c874caec53c6984caaaa84bc0d3eb593b0edf3dc8492efa
  md5: ccb20d946040f86f0c05b644d5eadeca
  depends:
  - ucrt >=10.0.20348.0
  - vc >=14.3,<15
  - vc14_runtime >=14.44.35208
  license: blessing
  purls: []
  size: 1288499
  timestamp: 1753948889360
- conda: https://conda.anaconda.org/conda-forge/win-64/libwinpthread-12.0.0.r4.gg4f2fc60ca-h57928b3_9.conda
  sha256: 373f2973b8a358528b22be5e8d84322c165b4c5577d24d94fd67ad1bb0a0f261
  md5: 08bfa5da6e242025304b206d152479ef
  depends:
  - ucrt
  constrains:
  - pthreads-win32 <0.0a0
  - msys2-conda-epoch <0.0a0
  license: MIT AND BSD-3-Clause-Clear
  purls: []
  size: 35794
  timestamp: 1737099561703
- conda: https://conda.anaconda.org/conda-forge/win-64/libxml2-2.13.8-h741aa76_1.conda
  sha256: 32fa908bb2f2a6636dab0edaac1d4bf5ff62ad404a82d8bb16702bc5b8eb9114
  md5: aeb49dc1f5531de13d2c0d57ffa6d0c8
  depends:
  - libiconv >=1.18,<2.0a0
  - libzlib >=1.3.1,<2.0a0
  - ucrt >=10.0.20348.0
  - vc >=14.3,<15
  - vc14_runtime >=14.44.35208
  license: MIT
  license_family: MIT
  purls: []
  size: 1519401
  timestamp: 1754315497781
- conda: https://conda.anaconda.org/conda-forge/win-64/libzlib-1.3.1-h2466b09_2.conda
  sha256: ba945c6493449bed0e6e29883c4943817f7c79cbff52b83360f7b341277c6402
  md5: 41fbfac52c601159df6c01f875de31b9
  depends:
  - ucrt >=10.0.20348.0
  - vc >=14.2,<15
  - vc14_runtime >=14.29.30139
  constrains:
  - zlib 1.3.1 *_2
  license: Zlib
  license_family: Other
  purls: []
  size: 55476
  timestamp: 1727963768015
- conda: https://conda.anaconda.org/conda-forge/win-64/llvm-openmp-20.1.8-hfa2b4ca_2.conda
  sha256: 8970b7f9057a1c2c18bfd743c6f5ce73b86197d7724423de4fa3d03911d5874b
  md5: 2dc2edf349464c8b83a576175fc2ad42
  depends:
  - ucrt >=10.0.20348.0
  - vc >=14.3,<15
  - vc14_runtime >=14.44.35208
  constrains:
  - intel-openmp <0.0a0
  - openmp 20.1.8|20.1.8.*
  license: Apache-2.0 WITH LLVM-exception
  license_family: APACHE
  purls: []
  size: 344490
  timestamp: 1756145011384
- pypi: https://files.pythonhosted.org/packages/70/ae/44c4a6a4cbb496d93c6257954260fe3a6e91b7bed2240e5dad2a717f5111/markdown-3.9-py3-none-any.whl
  name: markdown
  version: '3.9'
  sha256: 9f4d91ed810864ea88a6f32c07ba8bee1346c0cc1f6b1f9f6c822f2a9667d280
  requires_dist:
  - importlib-metadata>=4.4 ; python_full_version < '3.10'
  - coverage ; extra == 'testing'
  - pyyaml ; extra == 'testing'
  - mkdocs>=1.6 ; extra == 'docs'
  - mkdocs-nature>=0.6 ; extra == 'docs'
  - mdx-gh-links>=0.2 ; extra == 'docs'
  - mkdocstrings[python] ; extra == 'docs'
  - mkdocs-gen-files ; extra == 'docs'
  - mkdocs-section-index ; extra == 'docs'
  - mkdocs-literate-nav ; extra == 'docs'
  requires_python: '>=3.9'
- pypi: https://files.pythonhosted.org/packages/44/06/e7175d06dd6e9172d4a69a72592cb3f7a996a9c396eee29082826449bbc3/MarkupSafe-3.0.2-cp310-cp310-win_amd64.whl
  name: markupsafe
  version: 3.0.2
  sha256: 6af100e168aa82a50e186c82875a5893c5597a0c1ccdb0d8b40240b1f28b969a
  requires_python: '>=3.9'
- conda: https://conda.anaconda.org/conda-forge/win-64/mkl-2024.2.2-h57928b3_16.conda
  sha256: ce841e7c3898764154a9293c0f92283c1eb28cdacf7a164c94b632a6af675d91
  md5: 5cddc979c74b90cf5e5cda4f97d5d8bb
  depends:
  - llvm-openmp >=20.1.8
  - tbb 2021.*
  license: LicenseRef-IntelSimplifiedSoftwareOct2022
  license_family: Proprietary
  purls: []
  size: 103088799
  timestamp: 1753975600547
- conda: https://conda.anaconda.org/conda-forge/win-64/numpy-1.26.4-py310hf667824_0.conda
  sha256: 20ca447a8f840c01961f2bdf0847fc7b7785a62968e867d7aa4ca8a66d70f9ad
  md5: 93e881c391880df90e74e43a4b67c16d
  depends:
  - libblas >=3.9.0,<4.0a0
  - libcblas >=3.9.0,<4.0a0
  - liblapack >=3.9.0,<4.0a0
  - python >=3.10,<3.11.0a0
  - python_abi 3.10.* *_cp310
  - ucrt >=10.0.20348.0
  - vc >=14.2,<15
  - vc14_runtime >=14.29.30139
  constrains:
  - numpy-base <0a0
  license: BSD-3-Clause
  license_family: BSD
  purls:
  - pkg:pypi/numpy?source=hash-mapping
  size: 5977469
  timestamp: 1707226445438
- pypi: https://files.pythonhosted.org/packages/be/9c/92789c596b8df838baa98fa71844d84283302f7604ed565dafe5a6b5041a/oauthlib-3.3.1-py3-none-any.whl
  name: oauthlib
  version: 3.3.1
  sha256: 88119c938d2b8fb88561af5f6ee0eec8cc8d552b7bb1f712743136eb7523b7a1
  requires_dist:
  - cryptography>=3.0.0 ; extra == 'rsa'
  - cryptography>=3.0.0 ; extra == 'signedtoken'
  - pyjwt>=2.0.0,<3 ; extra == 'signedtoken'
  - blinker>=1.4.0 ; extra == 'signals'
  requires_python: '>=3.8'
- conda: https://conda.anaconda.org/conda-forge/win-64/openssl-3.5.2-h725018a_0.conda
  sha256: 2413f3b4606018aea23acfa2af3c4c46af786739ab4020422e9f0c2aec75321b
  md5: 150d3920b420a27c0848acca158f94dc
  depends:
  - ca-certificates
  - ucrt >=10.0.20348.0
  - vc >=14.3,<15
  - vc14_runtime >=14.44.35208
  license: Apache-2.0
  license_family: Apache
  purls: []
  size: 9275175
  timestamp: 1754467904482
- pypi: https://files.pythonhosted.org/packages/23/cd/066e86230ae37ed0be70aae89aabf03ca8d9f39c8aea0dec8029455b5540/opt_einsum-3.4.0-py3-none-any.whl
  name: opt-einsum
  version: 3.4.0
  sha256: 69bb92469f86a1565195ece4ac0323943e83477171b91d24c35afe028a90d7cd
  requires_python: '>=3.8'
- pypi: https://files.pythonhosted.org/packages/20/12/38679034af332785aac8774540895e234f4d07f7545804097de4b666afd8/packaging-25.0-py3-none-any.whl
  name: packaging
  version: '25.0'
  sha256: 29572ef2b1f17581046b3a2227d5c611fb25ec70ca1ba8554b24b0e69331a484
  requires_python: '>=3.8'
- pypi: https://files.pythonhosted.org/packages/97/f9/a14bac5331f3e55bcbbed906a0c8b112f554152ddf09efeb6f5f95653ffd/protobuf-3.19.6-cp310-cp310-win_amd64.whl
  name: protobuf
  version: 3.19.6
  sha256: 347b393d4dd06fb93a77620781e11c058b3b0a5289262f094379ada2920a3730
  requires_python: '>=3.5'
- pypi: https://files.pythonhosted.org/packages/c8/f1/d6a797abb14f6283c0ddff96bbdd46937f64122b8c925cab503dd37f8214/pyasn1-0.6.1-py3-none-any.whl
  name: pyasn1
  version: 0.6.1
  sha256: 0d632f46f2ba09143da3a8afe9e33fb6f92fa2320ab7e886e2d0f7672af84629
  requires_python: '>=3.8'
- pypi: https://files.pythonhosted.org/packages/47/8d/d529b5d697919ba8c11ad626e835d4039be708a35b0d22de83a269a6682c/pyasn1_modules-0.4.2-py3-none-any.whl
  name: pyasn1-modules
  version: 0.4.2
  sha256: 29253a9207ce32b64c3ac6600edc75368f98473906e8fd1043bd6b5b1de2c14a
  requires_dist:
  - pyasn1>=0.6.1,<0.7.0
  requires_python: '>=3.8'
- conda: https://conda.anaconda.org/conda-forge/win-64/python-3.10.0-hcf16a7b_3_cpython.tar.bz2
  build_number: 3
  sha256: 444a45caf1b6334dbe6c49dc21015cddbda5d35b58749b805f74d535ad23eb67
  md5: 14b44eee89a77696eb6f68b75fea6cd4
  depends:
  - bzip2 >=1.0.8,<2.0a0
  - libffi >=3.4.2,<3.5.0a0
  - libzlib >=1.2.11,<2.0.0a0
  - openssl >=3.0.0,<4.0a0
  - sqlite >=3.36.0,<4.0a0
  - tk >=8.6.11,<8.7.0a0
  - tzdata
  - vc >=14.1,<15.0a0
  - vs2015_runtime >=14.16.27012
  - xz >=5.2.5,<6.0.0a0
  constrains:
  - python_abi 3.10.* *_cp310
  license: Python-2.0
  purls: []
  size: 15986716
  timestamp: 1637374998463
- conda: https://conda.anaconda.org/conda-forge/noarch/python_abi-3.10-8_cp310.conda
  build_number: 8
  sha256: 7ad76fa396e4bde336872350124c0819032a9e8a0a40590744ff9527b54351c1
  md5: 05e00f3b21e88bb3d658ac700b2ce58c
  constrains:
  - python 3.10.* *_cpython
  license: BSD-3-Clause
  license_family: BSD
  purls: []
  size: 6999
  timestamp: 1752805924192
- pypi: https://files.pythonhosted.org/packages/1e/db/4254e3eabe8020b458f1a747140d32277ec7a271daf1d235b70dc0b4e6e3/requests-2.32.5-py3-none-any.whl
  name: requests
  version: 2.32.5
  sha256: 2462f94637a34fd532264295e186976db0f5d453d1cdd31473c85a6a161affb6
  requires_dist:
  - charset-normalizer>=2,<4
  - idna>=2.5,<4
  - urllib3>=1.21.1,<3
  - certifi>=2017.4.17
  - pysocks>=1.5.6,!=1.5.7 ; extra == 'socks'
  - chardet>=3.0.2,<6 ; extra == 'use-chardet-on-py3'
  requires_python: '>=3.9'
- pypi: https://files.pythonhosted.org/packages/3b/5d/63d4ae3b9daea098d5d6f5da83984853c1bbacd5dc826764b249fe119d24/requests_oauthlib-2.0.0-py2.py3-none-any.whl
  name: requests-oauthlib
  version: 2.0.0
  sha256: 7dd8a5c40426b779b0868c404bdef9768deccf22749cde15852df527e6269b36
  requires_dist:
  - oauthlib>=3.0.0
  - requests>=2.0.0
  - oauthlib[signedtoken]>=3.0.0 ; extra == 'rsa'
  requires_python: '>=3.4'
- pypi: https://files.pythonhosted.org/packages/64/8d/0133e4eb4beed9e425d9a98ed6e081a55d195481b7632472be1af08d2f6b/rsa-4.9.1-py3-none-any.whl
  name: rsa
  version: 4.9.1
  sha256: 68635866661c6836b8d39430f97a996acbd61bfa49406748ea243539fe239762
  requires_dist:
  - pyasn1>=0.1.3
  requires_python: '>=3.6,<4'
- pypi: https://files.pythonhosted.org/packages/a3/dc/17031897dae0efacfea57dfd3a82fdd2a2aeb58e0ff71b77b87e44edc772/setuptools-80.9.0-py3-none-any.whl
  name: setuptools
  version: 80.9.0
  sha256: 062d34222ad13e0cc312a4c02d73f059e86a4acbfbdea8f8f76b28c99f306922
  requires_dist:
  - pytest>=6,!=8.1.* ; extra == 'test'
  - virtualenv>=13.0.0 ; extra == 'test'
  - wheel>=0.44.0 ; extra == 'test'
  - pip>=19.1 ; extra == 'test'
  - packaging>=24.2 ; extra == 'test'
  - jaraco-envs>=2.2 ; extra == 'test'
  - pytest-xdist>=3 ; extra == 'test'
  - jaraco-path>=3.7.2 ; extra == 'test'
  - build[virtualenv]>=1.0.3 ; extra == 'test'
  - filelock>=3.4.0 ; extra == 'test'
  - ini2toml[lite]>=0.14 ; extra == 'test'
  - tomli-w>=1.0.0 ; extra == 'test'
  - pytest-timeout ; extra == 'test'
  - pytest-perf ; sys_platform != 'cygwin' and extra == 'test'
  - jaraco-develop>=7.21 ; python_full_version >= '3.9' and sys_platform != 'cygwin' and extra == 'test'
  - pytest-home>=0.5 ; extra == 'test'
  - pytest-subprocess ; extra == 'test'
  - pyproject-hooks!=1.1 ; extra == 'test'
  - jaraco-test>=5.5 ; extra == 'test'
  - sphinx>=3.5 ; extra == 'doc'
  - jaraco-packaging>=9.3 ; extra == 'doc'
  - rst-linker>=1.9 ; extra == 'doc'
  - furo ; extra == 'doc'
  - sphinx-lint ; extra == 'doc'
  - jaraco-tidelift>=1.4 ; extra == 'doc'
  - pygments-github-lexers==0.0.5 ; extra == 'doc'
  - sphinx-favicon ; extra == 'doc'
  - sphinx-inline-tabs ; extra == 'doc'
  - sphinx-reredirects ; extra == 'doc'
  - sphinxcontrib-towncrier ; extra == 'doc'
  - sphinx-notfound-page>=1,<2 ; extra == 'doc'
  - pyproject-hooks!=1.1 ; extra == 'doc'
  - towncrier<24.7 ; extra == 'doc'
  - packaging>=24.2 ; extra == 'core'
  - more-itertools>=8.8 ; extra == 'core'
  - jaraco-text>=3.7 ; extra == 'core'
  - importlib-metadata>=6 ; python_full_version < '3.10' and extra == 'core'
  - tomli>=2.0.1 ; python_full_version < '3.11' and extra == 'core'
  - wheel>=0.43.0 ; extra == 'core'
  - platformdirs>=4.2.2 ; extra == 'core'
  - jaraco-functools>=4 ; extra == 'core'
  - more-itertools ; extra == 'core'
  - pytest-checkdocs>=2.4 ; extra == 'check'
  - pytest-ruff>=0.2.1 ; sys_platform != 'cygwin' and extra == 'check'
  - ruff>=0.8.0 ; sys_platform != 'cygwin' and extra == 'check'
  - pytest-cov ; extra == 'cover'
  - pytest-enabler>=2.2 ; extra == 'enabler'
  - pytest-mypy ; extra == 'type'
  - mypy==1.14.* ; extra == 'type'
  - importlib-metadata>=7.0.2 ; python_full_version < '3.10' and extra == 'type'
  - jaraco-develop>=7.21 ; sys_platform != 'cygwin' and extra == 'type'
  requires_python: '>=3.9'
- pypi: https://files.pythonhosted.org/packages/b7/ce/149a00dd41f10bc29e5921b496af8b574d8413afcd5e30dfa0ed46c2cc5e/six-1.17.0-py2.py3-none-any.whl
  name: six
  version: 1.17.0
  sha256: 4721f391ed90541fddacab5acf947aa0d3dc7d27b2e1e8eda2be8970586c3274
  requires_python: '>=2.7,!=3.0.*,!=3.1.*,!=3.2.*'
- conda: https://conda.anaconda.org/conda-forge/win-64/sqlite-3.50.4-hdb435a2_0.conda
  sha256: 47717c9f78987a287984e89053cb8096457abd6b0fbf4cb39e63120797e2c993
  md5: b81e913bfad2759829f976fd926443af
  depends:
  - libsqlite 3.50.4 hf5d6505_0
  - ucrt >=10.0.20348.0
  - vc >=14.3,<15
  - vc14_runtime >=14.44.35208
  license: blessing
  purls: []
  size: 400981
  timestamp: 1753948927232
- conda: https://conda.anaconda.org/conda-forge/win-64/tbb-2021.13.0-h18a62a1_3.conda
  sha256: 30e82640a1ad9d9b5bee006da7e847566086f8fdb63d15b918794a7ef2df862c
  md5: 72226638648e494aaafde8155d50dab2
  depends:
  - libhwloc >=2.12.1,<2.12.2.0a0
  - ucrt >=10.0.20348.0
  - vc >=14.3,<15
  - vc14_runtime >=14.44.35208
  license: Apache-2.0
  license_family: APACHE
  purls: []
  size: 150266
  timestamp: 1755776172092
- pypi: https://files.pythonhosted.org/packages/80/49/a5ec29886ef823718c8ae54ed0b3ad7e19066b5bf21cec5038427e6a04c4/tensorboard-2.10.1-py3-none-any.whl
  name: tensorboard
  version: 2.10.1
  sha256: fb9222c1750e2fa35ef170d998a1e229f626eeced3004494a8849c88c15d8c1c
  requires_dist:
  - absl-py>=0.4
  - grpcio>=1.24.3
  - google-auth>=1.6.3,<3
  - google-auth-oauthlib>=0.4.1,<0.5
  - markdown>=2.6.8
  - numpy>=1.12.0
  - protobuf>=3.9.2,<3.20
  - requests>=2.21.0,<3
  - setuptools>=41.0.0
  - tensorboard-data-server>=0.6.0,<0.7.0
  - tensorboard-plugin-wit>=1.6.0
  - werkzeug>=1.0.1
  - wheel>=0.26
  requires_python: '>=3.6'
- pypi: https://files.pythonhosted.org/packages/74/69/5747a957f95e2e1d252ca41476ae40ce79d70d38151d2e494feb7722860c/tensorboard_data_server-0.6.1-py3-none-any.whl
  name: tensorboard-data-server
  version: 0.6.1
  sha256: 809fe9887682d35c1f7d1f54f0f40f98bb1f771b14265b453ca051e2ce58fca7
  requires_python: '>=3.6'
- pypi: https://files.pythonhosted.org/packages/e0/68/e8ecfac5dd594b676c23a7f07ea34c197d7d69b3313afdf8ac1b0a9905a2/tensorboard_plugin_wit-1.8.1-py3-none-any.whl
  name: tensorboard-plugin-wit
  version: 1.8.1
  sha256: ff26bdd583d155aa951ee3b152b3d0cffae8005dc697f72b44a8e8c2a77a8cbe
- pypi: https://files.pythonhosted.org/packages/ad/87/f484e0b86687c97d2dfb081e03e948b796561fc8608b409a9366e3b4a663/tensorflow-2.10.1-cp310-cp310-win_amd64.whl
  name: tensorflow
  version: 2.10.1
  sha256: a6049664f9a0d14b0a4a7e6f058be87b2d8c27be826d7dd9a870ff03683fbc0b
  requires_dist:
  - absl-py>=1.0.0
  - astunparse>=1.6.0
  - flatbuffers>=2.0
  - gast>=0.2.1,<=0.4.0
  - google-pasta>=0.1.1
  - h5py>=2.9.0
  - keras-preprocessing>=1.1.1
  - libclang>=13.0.0
  - numpy>=1.20
  - opt-einsum>=2.3.2
  - packaging
  - protobuf>=3.9.2,<3.20
  - setuptools
  - six>=1.12.0
  - termcolor>=1.1.0
  - typing-extensions>=3.6.6
  - wrapt>=1.11.0
  - tensorflow-io-gcs-filesystem>=0.23.1
  - grpcio>=1.24.3,<2.0
  - tensorboard>=2.10,<2.11
  - tensorflow-estimator>=2.10.0,<2.11
  - keras>=2.10.0,<2.11
  requires_python: '>=3.7'
- pypi: https://files.pythonhosted.org/packages/b6/05/9d7f3a6c783669cba36a6eb4555d0c73a516eee935dde6176dfb8512f94e/tensorflow_estimator-2.10.0-py2.py3-none-any.whl
  name: tensorflow-estimator
  version: 2.10.0
  sha256: f324ea17cd57f16e33bf188711d5077e6b2e5f5a12c328d6e01a07b23888edcd
  requires_python: '>=3.7'
- pypi: https://files.pythonhosted.org/packages/78/51/437068ed6b44162d54addb8ac0ddfe9e406d07ac6f9c8a6cf96869ec2262/tensorflow_io_gcs_filesystem-0.31.0-cp310-cp310-win_amd64.whl
  name: tensorflow-io-gcs-filesystem
  version: 0.31.0
  sha256: 961353b38c76471fa296bb7d883322c66b91415e7d47087236a6706db3ab2758
  requires_dist:
  - tensorflow>=2.11.0,<2.12.0 ; extra == 'tensorflow'
  - tensorflow-aarch64>=2.11.0,<2.12.0 ; extra == 'tensorflow-aarch64'
  - tensorflow-cpu>=2.11.0,<2.12.0 ; extra == 'tensorflow-cpu'
  - tensorflow-gpu>=2.11.0,<2.12.0 ; extra == 'tensorflow-gpu'
  - tensorflow-rocm>=2.11.0,<2.12.0 ; extra == 'tensorflow-rocm'
  requires_python: '>=3.7,<3.12'
- pypi: https://files.pythonhosted.org/packages/4f/bd/de8d508070629b6d84a30d01d57e4a65c69aa7f5abe7560b8fad3b50ea59/termcolor-3.1.0-py3-none-any.whl
  name: termcolor
  version: 3.1.0
  sha256: 591dd26b5c2ce03b9e43f391264626557873ce1d379019786f99b0c2bee140aa
  requires_dist:
  - pytest ; extra == 'tests'
  - pytest-cov ; extra == 'tests'
  requires_python: '>=3.9'
- conda: https://conda.anaconda.org/conda-forge/win-64/tk-8.6.13-h2c6b04d_2.conda
  sha256: e3614b0eb4abcc70d98eae159db59d9b4059ed743ef402081151a948dce95896
  md5: ebd0e761de9aa879a51d22cc721bd095
  depends:
  - ucrt >=10.0.20348.0
  - vc >=14.2,<15
  - vc14_runtime >=14.29.30139
  license: TCL
  license_family: BSD
  purls: []
  size: 3466348
  timestamp: 1748388121356
- pypi: https://files.pythonhosted.org/packages/18/67/36e9267722cc04a6b9f15c7f3441c2363321a3ea07da7ae0c0707beb2a9c/typing_extensions-4.15.0-py3-none-any.whl
  name: typing-extensions
  version: 4.15.0
  sha256: f0fa19c6845758ab08074a0cfa8b7aecb71c999ca73d62883bc25cc018c4e548
  requires_python: '>=3.9'
- conda: https://conda.anaconda.org/conda-forge/noarch/tzdata-2025b-h78e105d_0.conda
  sha256: 5aaa366385d716557e365f0a4e9c3fca43ba196872abbbe3d56bb610d131e192
  md5: 4222072737ccff51314b5ece9c7d6f5a
  license: LicenseRef-Public-Domain
  purls: []
  size: 122968
  timestamp: 1742727099393
- conda: https://conda.anaconda.org/conda-forge/win-64/ucrt-10.0.26100.0-h57928b3_0.conda
  sha256: 3005729dce6f3d3f5ec91dfc49fc75a0095f9cd23bab49efb899657297ac91a5
  md5: 71b24316859acd00bdb8b38f5e2ce328
  constrains:
  - vc14_runtime >=14.29.30037
  - vs2015_runtime >=14.29.30037
  license: LicenseRef-MicrosoftWindowsSDK10
  purls: []
  size: 694692
  timestamp: 1756385147981
- pypi: https://files.pythonhosted.org/packages/a7/c2/fe1e52489ae3122415c51f387e221dd0773709bad6c6cdaa599e8a2c5185/urllib3-2.5.0-py3-none-any.whl
  name: urllib3
  version: 2.5.0
  sha256: e6b01673c0fa6a13e374b50871808eb3bf7046c4b125b216f6bf1cc604cff0dc
  requires_dist:
  - brotli>=1.0.9 ; platform_python_implementation == 'CPython' and extra == 'brotli'
  - brotlicffi>=0.8.0 ; platform_python_implementation != 'CPython' and extra == 'brotli'
  - h2>=4,<5 ; extra == 'h2'
  - pysocks>=1.5.6,!=1.5.7,<2.0 ; extra == 'socks'
  - zstandard>=0.18.0 ; extra == 'zstd'
  requires_python: '>=3.9'
- conda: https://conda.anaconda.org/conda-forge/win-64/vc-14.3-h41ae7f8_31.conda
  sha256: cb357591d069a1e6cb74199a8a43a7e3611f72a6caed9faa49dbb3d7a0a98e0b
  md5: 28f4ca1e0337d0f27afb8602663c5723
  depends:
  - vc14_runtime >=14.44.35208
  track_features:
  - vc14
  license: BSD-3-Clause
  license_family: BSD
  purls: []
  size: 18249
  timestamp: 1753739241465
- conda: https://conda.anaconda.org/conda-forge/win-64/vc14_runtime-14.44.35208-h818238b_31.conda
  sha256: af4b4b354b87a9a8d05b8064ff1ea0b47083274f7c30b4eb96bc2312c9b5f08f
  md5: 603e41da40a765fd47995faa021da946
  depends:
  - ucrt >=10.0.20348.0
  - vcomp14 14.44.35208 h818238b_31
  constrains:
  - vs2015_runtime 14.44.35208.* *_31
  license: LicenseRef-MicrosoftVisualCpp2015-2022Runtime
  license_family: Proprietary
  purls: []
  size: 682424
  timestamp: 1753739239305
- conda: https://conda.anaconda.org/conda-forge/win-64/vcomp14-14.44.35208-h818238b_31.conda
  sha256: 67b317b64f47635415776718d25170a9a6f9a1218c0f5a6202bfd687e07b6ea4
  md5: a6b1d5c1fc3cb89f88f7179ee6a9afe3
  depends:
  - ucrt >=10.0.20348.0
  constrains:
  - vs2015_runtime 14.44.35208.* *_31
  license: LicenseRef-MicrosoftVisualCpp2015-2022Runtime
  license_family: Proprietary
  purls: []
  size: 113963
  timestamp: 1753739198723
- conda: https://conda.anaconda.org/conda-forge/win-64/vs2015_runtime-14.44.35208-h38c0c73_31.conda
  sha256: 8b20152d00e1153ccb1ed377a160110482f286a6d85a82b57ffcd60517d523a7
  md5: d75abcfbc522ccd98082a8c603fce34c
  depends:
  - vc14_runtime >=14.44.35208
  license: BSD-3-Clause
  license_family: BSD
  purls: []
  size: 18249
  timestamp: 1753739241918
- pypi: https://files.pythonhosted.org/packages/52/24/ab44c871b0f07f491e5d2ad12c9bd7358e527510618cb1b803a88e986db1/werkzeug-3.1.3-py3-none-any.whl
  name: werkzeug
  version: 3.1.3
  sha256: 54b78bf3716d19a65be4fceccc0d1d7b89e608834989dfae50ea87564639213e
  requires_dist:
  - markupsafe>=2.1.1
  - watchdog>=2.3 ; extra == 'watchdog'
  requires_python: '>=3.9'
- pypi: https://files.pythonhosted.org/packages/0b/2c/87f3254fd8ffd29e4c02732eee68a83a1d3c346ae39bc6822dcbcb697f2b/wheel-0.45.1-py3-none-any.whl
  name: wheel
  version: 0.45.1
  sha256: 708e7481cc80179af0e556bbf0cc00b8444c7321e2700b8d8580231d13017248
  requires_dist:
  - pytest>=6.0.0 ; extra == 'test'
  - setuptools>=65 ; extra == 'test'
  requires_python: '>=3.8'
- pypi: https://files.pythonhosted.org/packages/2f/90/ee61d36862340ad7e9d15a02529df6b948676b9a5829fd5e16640156627d/wrapt-1.17.3-cp310-cp310-win_amd64.whl
  name: wrapt
  version: 1.17.3
  sha256: afd964fd43b10c12213574db492cb8f73b2f0826c8df07a68288f8f19af2ebe6
  requires_python: '>=3.8'
- conda: https://conda.anaconda.org/conda-forge/win-64/xz-5.2.6-h8d14728_0.tar.bz2
  sha256: 54d9778f75a02723784dc63aff4126ff6e6749ba21d11a6d03c1f4775f269fe0
  md5: 515d77642eaa3639413c6b1bc3f94219
  depends:
  - vc >=14.1,<15
  - vs2015_runtime >=14.16.27033
  license: LGPL-2.1 and GPL-2.0
  purls: []
  size: 217804
  timestamp: 1660346976440
